PODS:
  - app_links (6.4.1):
    - FlutterMacOS
  - AppCheckCore (11.2.0):
    - GoogleUtilities/Environment (~> 8.0)
    - GoogleUtilities/UserDefaults (~> 8.0)
    - PromisesObjC (~> 2.4)
  - cloud_functions (6.2.0):
    - Firebase/CoreOnly (~> 12.12.0)
    - Firebase/Functions (~> 12.12.0)
    - firebase_core
    - FlutterMacOS
  - file_picker (0.0.1):
    - FlutterMacOS
  - Firebase/AppCheck (12.12.1):
    - Firebase/CoreOnly
    - FirebaseAppCheck (~> 12.12.0)
  - Firebase/Auth (12.12.1):
    - Firebase/CoreOnly
    - FirebaseAuth (~> 12.12.0)
  - Firebase/CoreOnly (12.12.1):
    - FirebaseCore (~> 12.12.1)
  - Firebase/Functions (12.12.1):
    - Firebase/CoreOnly
    - FirebaseFunctions (~> 12.12.0)
  - Firebase/Messaging (12.12.1):
    - Firebase/CoreOnly
    - FirebaseMessaging (~> 12.12.0)
  - firebase_app_check (0.4.3):
    - Firebase/AppCheck (~> 12.12.0)
    - Firebase/CoreOnly (~> 12.12.0)
    - firebase_core
    - FlutterMacOS
  - firebase_auth (6.4.0):
    - Firebase/Auth (~> 12.12.0)
    - Firebase/CoreOnly (~> 12.12.0)
    - firebase_core
    - FlutterMacOS
  - firebase_core (4.7.0):
    - Firebase/CoreOnly (~> 12.12.0)
    - FlutterMacOS
  - firebase_messaging (16.2.0):
    - Firebase/CoreOnly (~> 12.12.0)
    - Firebase/Messaging (~> 12.12.0)
    - firebase_core
    - FlutterMacOS
  - FirebaseAppCheck (12.12.0):
    - AppCheckCore (~> 11.0)
    - FirebaseAppCheckInterop (~> 12.12.0)
    - FirebaseCore (~> 12.12.0)
    - GoogleUtilities/Environment (~> 8.1)
    - GoogleUtilities/UserDefaults (~> 8.1)
  - FirebaseAppCheckInterop (12.12.0)
  - FirebaseAuth (12.12.0):
    - FirebaseAppCheckInterop (~> 12.12.0)
    - FirebaseAuthInterop (~> 12.12.0)
    - FirebaseCore (~> 12.12.0)
    - FirebaseCoreExtension (~> 12.12.0)
    - GoogleUtilities/AppDelegateSwizzler (~> 8.1)
    - GoogleUtilities/Environment (~> 8.1)
    - GTMSessionFetcher/Core (< 6.0, >= 3.4)
    - RecaptchaInterop (~> 101.0)
  - FirebaseAuthInterop (12.12.0)
  - FirebaseCore (12.12.1):
    - FirebaseCoreInternal (~> 12.12.0)
    - GoogleUtilities/Environment (~> 8.1)
    - GoogleUtilities/Logger (~> 8.1)
  - FirebaseCoreExtension (12.12.0):
    - FirebaseCore (~> 12.12.0)
  - FirebaseCoreInternal (12.12.0):
    - "GoogleUtilities/NSData+zlib (~> 8.1)"
  - FirebaseFunctions (12.12.0):
    - FirebaseAppCheckInterop (~> 12.12.0)
    - FirebaseAuthInterop (~> 12.12.0)
    - FirebaseCore (~> 12.12.0)
    - FirebaseCoreExtension (~> 12.12.0)
    - FirebaseMessagingInterop (~> 12.12.0)
    - FirebaseSharedSwift (~> 12.12.0)
    - GTMSessionFetcher/Core (< 6.0, >= 3.4)
  - FirebaseInstallations (12.12.0):
    - FirebaseCore (~> 12.12.0)
    - GoogleUtilities/Environment (~> 8.1)
    - GoogleUtilities/UserDefaults (~> 8.1)
    - PromisesObjC (~> 2.4)
  - FirebaseMessaging (12.12.0):
    - FirebaseCore (~> 12.12.0)
    - FirebaseInstallations (~> 12.12.0)
    - GoogleDataTransport (~> 10.1)
    - GoogleUtilities/AppDelegateSwizzler (~> 8.1)
    - GoogleUtilities/Environment (~> 8.1)
    - GoogleUtilities/Reachability (~> 8.1)
    - GoogleUtilities/UserDefaults (~> 8.1)
    - nanopb (~> 3.30910.0)
  - FirebaseMessagingInterop (12.12.0)
  - FirebaseSharedSwift (12.12.0)
  - FlutterMacOS (1.0.0)
  - GoogleDataTransport (10.1.0):
    - nanopb (~> 3.30910.0)
    - PromisesObjC (~> 2.4)
  - GoogleUtilities/AppDelegateSwizzler (8.1.0):
    - GoogleUtilities/Environment
    - GoogleUtilities/Logger
    - GoogleUtilities/Network
    - GoogleUtilities/Privacy
  - GoogleUtilities/Environment (8.1.0):
    - GoogleUtilities/Privacy
  - GoogleUtilities/Logger (8.1.0):
    - GoogleUtilities/Environment
    - GoogleUtilities/Privacy
  - GoogleUtilities/Network (8.1.0):
    - GoogleUtilities/Logger
    - "GoogleUtilities/NSData+zlib"
    - GoogleUtilities/Privacy
    - GoogleUtilities/Reachability
  - "GoogleUtilities/NSData+zlib (8.1.0)":
    - GoogleUtilities/Privacy
  - GoogleUtilities/Privacy (8.1.0)
  - GoogleUtilities/Reachability (8.1.0):
    - GoogleUtilities/Logger
    - GoogleUtilities/Privacy
  - GoogleUtilities/UserDefaults (8.1.0):
    - GoogleUtilities/Logger
    - GoogleUtilities/Privacy
  - GTMSessionFetcher/Core (5.2.0)
  - nanopb (3.30910.0):
    - nanopb/decode (= 3.30910.0)
    - nanopb/encode (= 3.30910.0)
  - nanopb/decode (3.30910.0)
  - nanopb/encode (3.30910.0)
  - package_info_plus (0.0.1):
    - FlutterMacOS
  - PromisesObjC (2.4.0)
  - purchases_flutter (9.16.1):
    - FlutterMacOS
    - PurchasesHybridCommon (= 17.55.1)
  - PurchasesHybridCommon (17.55.1):
    - RevenueCat (= 5.67.1)
  - RevenueCat (5.67.1)
  - shared_preferences_foundation (0.0.1):
    - Flutter
    - FlutterMacOS
  - sqlite3 (3.52.0):
    - sqlite3/common (= 3.52.0)
  - sqlite3/common (3.52.0)
  - sqlite3/dbstatvtab (3.52.0):
    - sqlite3/common
  - sqlite3/fts5 (3.52.0):
    - sqlite3/common
  - sqlite3/math (3.52.0):
    - sqlite3/common
  - sqlite3/perf-threadsafe (3.52.0):
    - sqlite3/common
  - sqlite3/rtree (3.52.0):
    - sqlite3/common
  - sqlite3/session (3.52.0):
    - sqlite3/common
  - sqlite3_flutter_libs (0.0.1):
    - Flutter
    - FlutterMacOS
    - sqlite3 (~> 3.52.0)
    - sqlite3/dbstatvtab
    - sqlite3/fts5
    - sqlite3/math
    - sqlite3/perf-threadsafe
    - sqlite3/rtree
    - sqlite3/session
  - url_launcher_macos (0.0.1):
    - FlutterMacOS

DEPENDENCIES:
  - app_links (from `Flutter/ephemeral/.symlinks/plugins/app_links/macos`)
  - cloud_functions (from `Flutter/ephemeral/.symlinks/plugins/cloud_functions/macos`)
  - file_picker (from `Flutter/ephemeral/.symlinks/plugins/file_picker/macos`)
  - firebase_app_check (from `Flutter/ephemeral/.symlinks/plugins/firebase_app_check/macos`)
  - firebase_auth (from `Flutter/ephemeral/.symlinks/plugins/firebase_auth/macos`)
  - firebase_core (from `Flutter/ephemeral/.symlinks/plugins/firebase_core/macos`)
  - firebase_messaging (from `Flutter/ephemeral/.symlinks/plugins/firebase_messaging/macos`)
  - FlutterMacOS (from `Flutter/ephemeral`)
  - package_info_plus (from `Flutter/ephemeral/.symlinks/plugins/package_info_plus/macos`)
  - purchases_flutter (from `Flutter/ephemeral/.symlinks/plugins/purchases_flutter/macos`)
  - shared_preferences_foundation (from `Flutter/ephemeral/.symlinks/plugins/shared_preferences_foundation/darwin`)
  - sqlite3_flutter_libs (from `Flutter/ephemeral/.symlinks/plugins/sqlite3_flutter_libs/darwin`)
  - url_launcher_macos (from `Flutter/ephemeral/.symlinks/plugins/url_launcher_macos/macos`)

SPEC REPOS:
  trunk:
    - AppCheckCore
    - Firebase
    - FirebaseAppCheck
    - FirebaseAppCheckInterop
    - FirebaseAuth
    - FirebaseAuthInterop
    - FirebaseCore
    - FirebaseCoreExtension
    - FirebaseCoreInternal
    - FirebaseFunctions
    - FirebaseInstallations
    - FirebaseMessaging
    - FirebaseMessagingInterop
    - FirebaseSharedSwift
    - GoogleDataTransport
    - GoogleUtilities
    - GTMSessionFetcher
    - nanopb
    - PromisesObjC
    - PurchasesHybridCommon
    - RevenueCat
    - sqlite3

EXTERNAL SOURCES:
  app_links:
    :path: Flutter/ephemeral/.symlinks/plugins/app_links/macos
  cloud_functions:
    :path: Flutter/ephemeral/.symlinks/plugins/cloud_functions/macos
  file_picker:
    :path: Flutter/ephemeral/.symlinks/plugins/file_picker/macos
  firebase_app_check:
    :path: Flutter/ephemeral/.symlinks/plugins/firebase_app_check/macos
  firebase_auth:
    :path: Flutter/ephemeral/.symlinks/plugins/firebase_auth/macos
  firebase_core:
    :path: Flutter/ephemeral/.symlinks/plugins/firebase_core/macos
  firebase_messaging:
    :path: Flutter/ephemeral/.symlinks/plugins/firebase_messaging/macos
  FlutterMacOS:
    :path: Flutter/ephemeral
  package_info_plus:
    :path: Flutter/ephemeral/.symlinks/plugins/package_info_plus/macos
  purchases_flutter:
    :path: Flutter/ephemeral/.symlinks/plugins/purchases_flutter/macos
  shared_preferences_foundation:
    :path: Flutter/ephemeral/.symlinks/plugins/shared_preferences_foundation/darwin
  sqlite3_flutter_libs:
    :path: Flutter/ephemeral/.symlinks/plugins/sqlite3_flutter_libs/darwin
  url_launcher_macos:
    :path: Flutter/ephemeral/.symlinks/plugins/url_launcher_macos/macos

SPEC CHECKSUMS:
  app_links: 05a6ec2341985eb05e9f97dc63f5837c39895c3f
  AppCheckCore: cc8fd0a3a230ddd401f326489c99990b013f0c4f
  cloud_functions: ddefb87325a2df308a7965eb2c3d9b6481a6c546
  file_picker: 7584aae6fa07a041af2b36a2655122d42f578c1a
  Firebase: 14f11e91129d246a8a6166b4c1c2ea61b56806ec
  firebase_app_check: 93320589b34a1ddf86197b3780881688d4e0bd94
  firebase_auth: 889d00265b2789b54ad2bd7cefb62d9d4aec024a
  firebase_core: 8022171e82601bac2c79cfa04d69977f12595682
  firebase_messaging: 5044cedfca0133cd38db45fc16c0d312bab00f1b
  FirebaseAppCheck: 0194af00329809d8ce918b5244edc18edbd5b4e0
  FirebaseAppCheckInterop: c63ae0d003274f145174849c545ab861593beaf9
  FirebaseAuth: bcfebbc0ca055a6335f2252a90e57363d7ea5e65
  FirebaseAuthInterop: 917aa3a17ecf144d5f1823b51ef372da06909a4b
  FirebaseCore: 86241206e656f5c80c995e370e6c975913b9b284
  FirebaseCoreExtension: ff6fd42eb5287e71d3e160450de6509733d9ead7
  FirebaseCoreInternal: 7c12fc3011d889085e765e317d7b9fd1cef97af9
  FirebaseFunctions: 63768746c276d799807347fdb8f0b057898a5792
  FirebaseInstallations: 4e6e162aa4abaaeeeb01dd00179dfc5ad9c2194e
  FirebaseMessaging: 341004946fa7ffc741344b20f1b667514fc93e31
  FirebaseMessagingInterop: bcf56f6a07054150163621d62676e34edab5d5eb
  FirebaseSharedSwift: bccaff90721d14bafc14be34f28b77fdd7c91dc9
  FlutterMacOS: d0db08ddef1a9af05a5ec4b724367152bb0500b1
  GoogleDataTransport: aae35b7ea0c09004c3797d53c8c41f66f219d6a7
  GoogleUtilities: 00c88b9a86066ef77f0da2fab05f65d7768ed8e1
  GTMSessionFetcher: 904bdd2a82c635bcd6f44edf94cc8775c5d1d6e6
  nanopb: fad817b59e0457d11a5dfbde799381cd727c1275
  package_info_plus: f0052d280d17aa382b932f399edf32507174e870
  PromisesObjC: f5707f49cb48b9636751c5b2e7d227e43fba9f47
  purchases_flutter: cfe4e98a24972974fd1567b3153a696e8110fda0
  PurchasesHybridCommon: ecd9d7c586287625f1225b8de5e24c1021502270
  RevenueCat: 9357239a9f0978285e68983637b8a602e65c94f0
  shared_preferences_foundation: 7036424c3d8ec98dfe75ff1667cb0cd531ec82bb
  sqlite3: a51c07cf16e023d6c48abd5e5791a61a47354921
  sqlite3_flutter_libs: b3e120efe9a82017e5552a620f696589ed4f62ab
  url_launcher_macos: f87a979182d112f911de6820aefddaf56ee9fbfd

PODFILE CHECKSUM: 224cb1c0d6f5312abfc2477bcb5c7f1fca2574fb

COCOAPODS: 1.16.2
